
Microsoft Visual Studio Solution File, Format Version 12.00
# Visual Studio Version 16
VisualStudioVersion = 16.0.31205.134
MinimumVisualStudioVersion = 10.0.40219.1
Project("{FAE04EC0-301F-11D3-BF4B-00C04F79EFBC}") = "WebApICERTIFAC", "WebApICERTIFAC\WebApICERTIFAC.csproj", "{CE5A219A-0EB1-4AA5-93A4-01E16F940E7C}"
EndProject
Project("{FAE04EC0-301F-11D3-BF4B-00C04F79EFBC}") = "WebApCertifac", "WebApCertifac\WebApCertifac.csproj", "{9545D2D4-3926-4F87-85C6-3127EDF18574}"
EndProject
Global
	GlobalSection(SolutionConfigurationPlatforms) = preSolution
		Debug|Any CPU = Debug|Any CPU
		Release|Any CPU = Release|Any CPU
	EndGlobalSection
	GlobalSection(ProjectConfigurationPlatforms) = postSolution
		{CE5A219A-0EB1-4AA5-93A4-01E16F940E7C}.Debug|Any CPU.ActiveCfg = Debug|Any CPU
		{CE5A219A-0EB1-4AA5-93A4-01E16F940E7C}.Debug|Any CPU.Build.0 = Debug|Any CPU
		{CE5A219A-0EB1-4AA5-93A4-01E16F940E7C}.Release|Any CPU.ActiveCfg = Release|Any CPU
		{CE5A219A-0EB1-4AA5-93A4-01E16F940E7C}.Release|Any CPU.Build.0 = Release|Any CPU
		{9545D2D4-3926-4F87-85C6-3127EDF18574}.Debug|Any CPU.ActiveCfg = Debug|Any CPU
		{9545D2D4-3926-4F87-85C6-3127EDF18574}.Debug|Any CPU.Build.0 = Debug|Any CPU
		{9545D2D4-3926-4F87-85C6-3127EDF18574}.Release|Any CPU.ActiveCfg = Release|Any CPU
		{9545D2D4-3926-4F87-85C6-3127EDF18574}.Release|Any CPU.Build.0 = Release|Any CPU
	EndGlobalSection
	GlobalSection(SolutionProperties) = preSolution
		HideSolutionNode = FALSE
	EndGlobalSection
	GlobalSection(ExtensibilityGlobals) = postSolution
		SolutionGuid = {CFBFF0A8-8066-4B15-8FEC-F12D659235C3}
	EndGlobalSection
EndGlobal
